
Microsoft Visual Studio Solution File, Format Version 12.00
# Visual Studio Version 16
VisualStudioVersion = 16.0.31624.102
MinimumVisualStudioVersion = 10.0.40219.1
Project("{FAE04EC0-301F-11D3-BF4B-00C04F79EFBC}") = "WebmotorsCRUD", "WebmotorsCRUD\WebmotorsCRUD.csproj", "{8C894520-9226-4916-A9D9-87FDB1623597}"
EndProject
Global
	GlobalSection(SolutionConfigurationPlatforms) = preSolution
		Debug|Any CPU = Debug|Any CPU
		Release|Any CPU = Release|Any CPU
	EndGlobalSection
	GlobalSection(ProjectConfigurationPlatforms) = postSolution
		{8C894520-9226-4916-A9D9-87FDB1623597}.Debug|Any CPU.ActiveCfg = Debug|Any CPU
		{8C894520-9226-4916-A9D9-87FDB1623597}.Debug|Any CPU.Build.0 = Debug|Any CPU
		{8C894520-9226-4916-A9D9-87FDB1623597}.Release|Any CPU.ActiveCfg = Release|Any CPU
		{8C894520-9226-4916-A9D9-87FDB1623597}.Release|Any CPU.Build.0 = Release|Any CPU
	EndGlobalSection
	GlobalSection(SolutionProperties) = preSolution
		HideSolutionNode = FALSE
	EndGlobalSection
	GlobalSection(ExtensibilityGlobals) = postSolution
		SolutionGuid = {16CC2605-BC15-4929-99CE-39B515E111FB}
	EndGlobalSection
EndGlobal
